
Microsoft Visual Studio Solution File, Format Version 12.00
# Visual Studio 2013
VisualStudioVersion = 12.0.21005.1
MinimumVisualStudioVersion = 10.0.40219.1
Project("{FAE04EC0-301F-11D3-BF4B-00C04F79EFBC}") = "MyDapperFramework.Repository", "MyDapperFramework.Repository\MyDapperFramework.Repository.csproj", "{97F97748-DFD9-4120-94A7-8112E3E7CCD7}"
EndProject
Project("{FAE04EC0-301F-11D3-BF4B-00C04F79EFBC}") = "MyDapperFramework.Service", "MyDapperFramework.Service\MyDapperFramework.Service.csproj", "{4297D688-67F5-4B39-B590-15CAFCF6F2F5}"
EndProject
Project("{FAE04EC0-301F-11D3-BF4B-00C04F79EFBC}") = "MyDapperFramework.DapperExtensions", "MyDapperFramework.DapperExtensions\MyDapperFramework.DapperExtensions.csproj", "{8373E236-F6BF-46F8-BE03-EC365AB35EDA}"
EndProject
Project("{FAE04EC0-301F-11D3-BF4B-00C04F79EFBC}") = "Test", "Test\Test.csproj", "{6C47A18D-834C-41CA-B671-7CC4CF8DB7E6}"
EndProject
Global
	GlobalSection(SolutionConfigurationPlatforms) = preSolution
		Debug|Any CPU = Debug|Any CPU
		Release|Any CPU = Release|Any CPU
	EndGlobalSection
	GlobalSection(ProjectConfigurationPlatforms) = postSolution
		{97F97748-DFD9-4120-94A7-8112E3E7CCD7}.Debug|Any CPU.ActiveCfg = Debug|Any CPU
		{97F97748-DFD9-4120-94A7-8112E3E7CCD7}.Debug|Any CPU.Build.0 = Debug|Any CPU
		{97F97748-DFD9-4120-94A7-8112E3E7CCD7}.Release|Any CPU.ActiveCfg = Release|Any CPU
		{97F97748-DFD9-4120-94A7-8112E3E7CCD7}.Release|Any CPU.Build.0 = Release|Any CPU
		{4297D688-67F5-4B39-B590-15CAFCF6F2F5}.Debug|Any CPU.ActiveCfg = Debug|Any CPU
		{4297D688-67F5-4B39-B590-15CAFCF6F2F5}.Debug|Any CPU.Build.0 = Debug|Any CPU
		{4297D688-67F5-4B39-B590-15CAFCF6F2F5}.Release|Any CPU.ActiveCfg = Release|Any CPU
		{4297D688-67F5-4B39-B590-15CAFCF6F2F5}.Release|Any CPU.Build.0 = Release|Any CPU
		{8373E236-F6BF-46F8-BE03-EC365AB35EDA}.Debug|Any CPU.ActiveCfg = Debug|Any CPU
		{8373E236-F6BF-46F8-BE03-EC365AB35EDA}.Debug|Any CPU.Build.0 = Debug|Any CPU
		{8373E236-F6BF-46F8-BE03-EC365AB35EDA}.Release|Any CPU.ActiveCfg = Release|Any CPU
		{8373E236-F6BF-46F8-BE03-EC365AB35EDA}.Release|Any CPU.Build.0 = Release|Any CPU
		{6C47A18D-834C-41CA-B671-7CC4CF8DB7E6}.Debug|Any CPU.ActiveCfg = Debug|Any CPU
		{6C47A18D-834C-41CA-B671-7CC4CF8DB7E6}.Debug|Any CPU.Build.0 = Debug|Any CPU
		{6C47A18D-834C-41CA-B671-7CC4CF8DB7E6}.Release|Any CPU.ActiveCfg = Release|Any CPU
		{6C47A18D-834C-41CA-B671-7CC4CF8DB7E6}.Release|Any CPU.Build.0 = Release|Any CPU
	EndGlobalSection
	GlobalSection(SolutionProperties) = preSolution
		HideSolutionNode = FALSE
	EndGlobalSection
EndGlobal
